# This file is automatically @generated by Cargo.
# It is not intended for manual editing.
version = 3

[[package]]
name = "adler"
version = "1.0.2"
source = "registry+https://github.com/rust-lang/crates.io-index"
checksum = "f26201604c87b1e01bd3d98f8d5d9a8fcbb815e8cedb41ffccbeb4bf593a35fe"

[[package]]
name = "anstream"
version = "0.6.4"
source = "registry+https://github.com/rust-lang/crates.io-index"
checksum = "2ab91ebe16eb252986481c5b62f6098f3b698a45e34b5b98200cf20dd2484a44"
dependencies = [
 "anstyle",
 "anstyle-parse",
 "anstyle-query",
 "anstyle-wincon",
 "colorchoice",
 "utf8parse",
]

[[package]]
name = "anstyle"
version = "1.0.4"
source = "registry+https://github.com/rust-lang/crates.io-index"
checksum = "7079075b41f533b8c61d2a4d073c4676e1f8b249ff94a393b0595db304e0dd87"

[[package]]
name = "anstyle-parse"
version = "0.2.2"
source = "registry+https://github.com/rust-lang/crates.io-index"
checksum = "317b9a89c1868f5ea6ff1d9539a69f45dffc21ce321ac1fd1160dfa48c8e2140"
dependencies = [
 "utf8parse",
]

[[package]]
name = "anstyle-query"
version = "1.0.0"
source = "registry+https://github.com/rust-lang/crates.io-index"
checksum = "5ca11d4be1bab0c8bc8734a9aa7bf4ee8316d462a08c6ac5052f888fef5b494b"
dependencies = [
 "windows-sys",
]

[[package]]
name = "anstyle-wincon"
version = "3.0.1"
source = "registry+https://github.com/rust-lang/crates.io-index"
checksum = "f0699d10d2f4d628a98ee7b57b289abbc98ff3bad977cb3152709d4bf2330628"
dependencies = [
 "anstyle",
 "windows-sys",
]

[[package]]
name = "base64"
version = "0.21.5"
source = "registry+https://github.com/rust-lang/crates.io-index"
checksum = "35636a1494ede3b646cc98f74f8e62c773a38a659ebc777a2cf26b9b74171df9"

[[package]]
name = "bincode"
version = "1.3.3"
source = "registry+https://github.com/rust-lang/crates.io-index"
checksum = "b1f45e9417d87227c7a56d22e471c6206462cba514c7590c09aff4cf6d1ddcad"
dependencies = [
 "serde",
]

[[package]]
name = "bitflags"
version = "1.3.2"
source = "registry+https://github.com/rust-lang/crates.io-index"
checksum = "bef38d45163c2f1dde094a7dfd33ccf595c92905c8f8f4fdc18d06fb1037718a"

[[package]]
name = "bitflags"
version = "2.4.1"
source = "registry+https://github.com/rust-lang/crates.io-index"
checksum = "327762f6e5a765692301e5bb513e0d9fef63be86bbc14528052b1cd3e6f03e07"

[[package]]
name = "bitvec"
version = "1.0.1"
source = "registry+https://github.com/rust-lang/crates.io-index"
checksum = "1bc2832c24239b0141d5674bb9174f9d68a8b5b3f2753311927c172ca46f7e9c"
dependencies = [
 "funty",
 "radium",
 "tap",
 "wyz",
]

[[package]]
name = "bstr"
version = "1.8.0"
source = "registry+https://github.com/rust-lang/crates.io-index"
checksum = "542f33a8835a0884b006a0c3df3dadd99c0c3f296ed26c2fdc8028e01ad6230c"
dependencies = [
 "memchr",
 "regex-automata",
 "serde",
]

[[package]]
name = "cc"
version = "1.0.83"
source = "registry+https://github.com/rust-lang/crates.io-index"
checksum = "f1174fb0b6ec23863f8b971027804a42614e347eafb0a95bf0b12cdae21fc4d0"
dependencies = [
 "libc",
]

[[package]]
name = "cfg-if"
version = "1.0.0"
source = "registry+https://github.com/rust-lang/crates.io-index"
checksum = "baf1de4339761588bc0619e3cbc0120ee582ebb74b53b4efbf79117bd2da40fd"

[[package]]
name = "clap"
version = "4.4.7"
source = "registry+https://github.com/rust-lang/crates.io-index"
checksum = "ac495e00dcec98c83465d5ad66c5c4fabd652fd6686e7c6269b117e729a6f17b"
dependencies = [
 "clap_builder",
 "clap_derive",
]

[[package]]
name = "clap_builder"
version = "4.4.7"
source = "registry+https://github.com/rust-lang/crates.io-index"
checksum = "c77ed9a32a62e6ca27175d00d29d05ca32e396ea1eb5fb01d8256b669cec7663"
dependencies = [
 "anstream",
 "anstyle",
 "clap_lex",
 "strsim",
 "terminal_size",
]

[[package]]
name = "clap_derive"
version = "4.4.7"
source = "registry+https://github.com/rust-lang/crates.io-index"
checksum = "cf9804afaaf59a91e75b022a30fb7229a7901f60c755489cc61c9b423b836442"
dependencies = [
 "heck",
 "proc-macro2",
 "quote",
 "syn 2.0.39",
]

[[package]]
name = "clap_lex"
version = "0.6.0"
source = "registry+https://github.com/rust-lang/crates.io-index"
checksum = "702fc72eb24e5a1e48ce58027a675bc24edd52096d5397d4aea7c6dd9eca0bd1"

[[package]]
name = "colorchoice"
version = "1.0.0"
source = "registry+https://github.com/rust-lang/crates.io-index"
checksum = "acbf1af155f9b9ef647e42cdc158db4b64a1b61f743629225fde6f3e0be2a7c7"

[[package]]
name = "colorgrad"
version = "0.6.2"
source = "registry+https://github.com/rust-lang/crates.io-index"
checksum = "6a5f405d474b9d05e0a093d3120e77e9bf26461b57a84b40aa2a221ac5617fb6"
dependencies = [
 "csscolorparser",
]

[[package]]
name = "core-foundation"
version = "0.9.3"
source = "registry+https://github.com/rust-lang/crates.io-index"
checksum = "194a7a9e6de53fa55116934067c844d9d749312f75c6f6d0980e8c252f8c2146"
dependencies = [
 "core-foundation-sys",
 "libc",
]

[[package]]
name = "core-foundation-sys"
version = "0.8.4"
source = "registry+https://github.com/rust-lang/crates.io-index"
checksum = "e496a50fda8aacccc86d7529e2c1e0892dbd0f898a6b5645b5561b89c3210efa"

[[package]]
name = "crc32fast"
version = "1.3.2"
source = "registry+https://github.com/rust-lang/crates.io-index"
checksum = "b540bd8bc810d3885c6ea91e2018302f68baba2129ab3e88f32389ee9370880d"
dependencies = [
 "cfg-if",
]

[[package]]
name = "csscolorparser"
version = "0.6.2"
source = "registry+https://github.com/rust-lang/crates.io-index"
checksum = "eb2a7d3066da2de787b7f032c736763eb7ae5d355f81a68bab2675a96008b0bf"

[[package]]
name = "darling"
version = "0.14.4"
source = "registry+https://github.com/rust-lang/crates.io-index"
checksum = "7b750cb3417fd1b327431a470f388520309479ab0bf5e323505daf0290cd3850"
dependencies = [
 "darling_core",
 "darling_macro",
]

[[package]]
name = "darling_core"
version = "0.14.4"
source = "registry+https://github.com/rust-lang/crates.io-index"
checksum = "109c1ca6e6b7f82cc233a97004ea8ed7ca123a9af07a8230878fcfda9b158bf0"
dependencies = [
 "fnv",
 "ident_case",
 "proc-macro2",
 "quote",
 "strsim",
 "syn 1.0.109",
]

[[package]]
name = "darling_macro"
version = "0.14.4"
source = "registry+https://github.com/rust-lang/crates.io-index"
checksum = "a4aab4dbc9f7611d8b55048a3a16d2d010c2c8334e46304b40ac1cc14bf3b48e"
dependencies = [
 "darling_core",
 "quote",
 "syn 1.0.109",
]

[[package]]
name = "deku"
version = "0.16.0"
source = "registry+https://github.com/rust-lang/crates.io-index"
checksum = "819b87cc7a05b3abe3fc38e59b3980a5fd3162f25a247116441a9171d3e84481"
dependencies = [
 "bitvec",
 "deku_derive",
]

[[package]]
name = "deku_derive"
version = "0.16.0"
source = "registry+https://github.com/rust-lang/crates.io-index"
checksum = "4e2ca12572239215a352a74ad7c776d7e8a914f8a23511c6cbedddd887e5009e"
dependencies = [
 "darling",
 "proc-macro-crate",
 "proc-macro2",
 "quote",
 "syn 1.0.109",
]

[[package]]
name = "directories"
version = "5.0.1"
source = "registry+https://github.com/rust-lang/crates.io-index"
checksum = "9a49173b84e034382284f27f1af4dcbbd231ffa358c0fe316541a7337f376a35"
dependencies = [
 "dirs-sys",
]

[[package]]
name = "dirs-sys"
version = "0.4.1"
source = "registry+https://github.com/rust-lang/crates.io-index"
checksum = "520f05a5cbd335fae5a99ff7a6ab8627577660ee5cfd6a94a6a929b52ff0321c"
dependencies = [
 "libc",
 "option-ext",
 "redox_users",
 "windows-sys",
]

[[package]]
name = "either"
version = "1.9.0"
source = "registry+https://github.com/rust-lang/crates.io-index"
checksum = "a26ae43d7bcc3b814de94796a5e736d4029efb0ee900c12e2d54c993ad1a1e07"

[[package]]
name = "equivalent"
version = "1.0.1"
source = "registry+https://github.com/rust-lang/crates.io-index"
checksum = "5443807d6dff69373d433ab9ef5378ad8df50ca6298caf15de6e52e24aaf54d5"

[[package]]
name = "errno"
version = "0.3.5"
source = "registry+https://github.com/rust-lang/crates.io-index"
checksum = "ac3e13f66a2f95e32a39eaa81f6b95d42878ca0e1db0c7543723dfe12557e860"
dependencies = [
 "libc",
 "windows-sys",
]

[[package]]
name = "fastrand"
version = "2.0.1"
source = "registry+https://github.com/rust-lang/crates.io-index"
checksum = "25cbce373ec4653f1a01a31e8a5e5ec0c622dc27ff9c4e6606eefef5cbbed4a5"

[[package]]
name = "filetime"
version = "0.2.22"
source = "registry+https://github.com/rust-lang/crates.io-index"
checksum = "d4029edd3e734da6fe05b6cd7bd2960760a616bd2ddd0d59a0124746d6272af0"
dependencies = [
 "cfg-if",
 "libc",
 "redox_syscall 0.3.5",
 "windows-sys",
]

[[package]]
name = "flate2"
version = "1.0.28"
source = "registry+https://github.com/rust-lang/crates.io-index"
checksum = "46303f565772937ffe1d394a4fac6f411c6013172fadde9dcdb1e147a086940e"
dependencies = [
 "crc32fast",
 "miniz_oxide",
]

[[package]]
name = "fnv"
version = "1.0.7"
source = "registry+https://github.com/rust-lang/crates.io-index"
checksum = "3f9eec918d3f24069decb9af1554cad7c880e2da24a9afd88aca000531ab82c1"

[[package]]
name = "form_urlencoded"
version = "1.2.0"
source = "registry+https://github.com/rust-lang/crates.io-index"
checksum = "a62bc1cf6f830c2ec14a513a9fb124d0a213a629668a4186f329db21fe045652"
dependencies = [
 "percent-encoding",
]

[[package]]
name = "fst"
version = "0.4.7"
source = "registry+https://github.com/rust-lang/crates.io-index"
checksum = "7ab85b9b05e3978cc9a9cf8fea7f01b494e1a09ed3037e16ba39edc7a29eb61a"

[[package]]
name = "funty"
version = "2.0.0"
source = "registry+https://github.com/rust-lang/crates.io-index"
checksum = "e6d5a32815ae3f33302d95fdcb2ce17862f8c65363dcfd29360480ba1001fc9c"

[[package]]
name = "getrandom"
version = "0.2.10"
source = "registry+https://github.com/rust-lang/crates.io-index"
checksum = "be4136b2a15dd319360be1c07d9933517ccf0be8f16bf62a3bee4f0d618df427"
dependencies = [
 "cfg-if",
 "libc",
 "wasi",
]

[[package]]
name = "hashbrown"
version = "0.14.2"
source = "registry+https://github.com/rust-lang/crates.io-index"
checksum = "f93e7192158dbcda357bdec5fb5788eebf8bbac027f3f33e719d29135ae84156"

[[package]]
name = "heck"
version = "0.4.1"
source = "registry+https://github.com/rust-lang/crates.io-index"
checksum = "95505c38b4572b2d910cecb0281560f54b440a19336cbbcb27bf6ce6adc6f5a8"

[[package]]
name = "hyphenation"
version = "0.8.4"
source = "registry+https://github.com/rust-lang/crates.io-index"
checksum = "bcf4dd4c44ae85155502a52c48739c8a48185d1449fff1963cffee63c28a50f0"
dependencies = [
 "bincode",
 "fst",
 "hyphenation_commons",
 "pocket-resources",
 "serde",
]

[[package]]
name = "hyphenation_commons"
version = "0.8.4"
source = "registry+https://github.com/rust-lang/crates.io-index"
checksum = "5febe7a2ade5c7d98eb8b75f946c046b335324b06a14ea0998271504134c05bf"
dependencies = [
 "fst",
 "serde",
]

[[package]]
name = "ident_case"
version = "1.0.1"
source = "registry+https://github.com/rust-lang/crates.io-index"
checksum = "b9e0384b61958566e926dc50660321d12159025e767c18e043daf26b70104c39"

[[package]]
name = "idna"
version = "0.4.0"
source = "registry+https://github.com/rust-lang/crates.io-index"
checksum = "7d20d6b07bfbc108882d88ed8e37d39636dcc260e15e30c45e6ba089610b917c"
dependencies = [
 "unicode-bidi",
 "unicode-normalization",
]

[[package]]
name = "indexmap"
version = "2.1.0"
source = "registry+https://github.com/rust-lang/crates.io-index"
checksum = "d530e1a18b1cb4c484e6e34556a0d948706958449fca0cab753d649f2bce3d1f"
dependencies = [
 "equivalent",
 "hashbrown",
]

[[package]]
name = "itertools"
version = "0.11.0"
source = "registry+https://github.com/rust-lang/crates.io-index"
checksum = "b1c173a5686ce8bfa551b3563d0c2170bf24ca44da99c7ca4bfdab5418c3fe57"
dependencies = [
 "either",
]

[[package]]
name = "lcat"
version = "0.7.13"
dependencies = [
 "bstr",
 "clap",
 "colorgrad",
 "fastrand",
 "unicode-segmentation",
 "unicode-width",
]

[[package]]
name = "lcowsay"
version = "0.5.9"
dependencies = [
 "clap",
 "hyphenation",
 "lcat",
 "textwrap",
 "unicode-width",
]

[[package]]
name = "libc"
version = "0.2.150"
source = "registry+https://github.com/rust-lang/crates.io-index"
checksum = "89d92a4743f9a61002fae18374ed11e7973f530cb3a3255fb354818118b2203c"

[[package]]
name = "libredox"
version = "0.0.1"
source = "registry+https://github.com/rust-lang/crates.io-index"
checksum = "85c833ca1e66078851dba29046874e38f08b2c883700aa29a03ddd3b23814ee8"
dependencies = [
 "bitflags 2.4.1",
 "libc",
 "redox_syscall 0.4.1",
]

[[package]]
name = "linux-raw-sys"
version = "0.4.10"
source = "registry+https://github.com/rust-lang/crates.io-index"
checksum = "da2479e8c062e40bf0066ffa0bc823de0a9368974af99c9f6df941d2c231e03f"

[[package]]
name = "log"
version = "0.4.20"
source = "registry+https://github.com/rust-lang/crates.io-index"
checksum = "b5e6163cb8c49088c2c36f57875e58ccd8c87c7427f7fbd50ea6710b2f3f2e8f"

[[package]]
name = "lolcow-fortune"
version = "0.1.10"
dependencies = [
 "clap",
 "deku",
 "directories",
 "fastrand",
 "flate2",
 "itertools",
 "lcat",
 "lcowsay",
 "memchr",
 "tar",
 "thiserror",
 "ureq",
]

[[package]]
name = "memchr"
version = "2.6.4"
source = "registry+https://github.com/rust-lang/crates.io-index"
checksum = "f665ee40bc4a3c5590afb1e9677db74a508659dfd71e126420da8274909a0167"

[[package]]
name = "miniz_oxide"
version = "0.7.1"
source = "registry+https://github.com/rust-lang/crates.io-index"
checksum = "e7810e0be55b428ada41041c41f32c9f1a42817901b4ccf45fa3d4b6561e74c7"
dependencies = [
 "adler",
]

[[package]]
name = "once_cell"
version = "1.18.0"
source = "registry+https://github.com/rust-lang/crates.io-index"
checksum = "dd8b5dd2ae5ed71462c540258bedcb51965123ad7e7ccf4b9a8cafaa4a63576d"

[[package]]
name = "openssl-probe"
version = "0.1.5"
source = "registry+https://github.com/rust-lang/crates.io-index"
checksum = "ff011a302c396a5197692431fc1948019154afc178baf7d8e37367442a4601cf"

[[package]]
name = "option-ext"
version = "0.2.0"
source = "registry+https://github.com/rust-lang/crates.io-index"
checksum = "04744f49eae99ab78e0d5c0b603ab218f515ea8cfe5a456d7629ad883a3b6e7d"

[[package]]
name = "percent-encoding"
version = "2.3.0"
source = "registry+https://github.com/rust-lang/crates.io-index"
checksum = "9b2a4787296e9989611394c33f193f676704af1686e70b8f8033ab5ba9a35a94"

[[package]]
name = "pocket-resources"
version = "0.3.2"
source = "registry+https://github.com/rust-lang/crates.io-index"
checksum = "c135f38778ad324d9e9ee68690bac2c1a51f340fdf96ca13e2ab3914eb2e51d8"

[[package]]
name = "proc-macro-crate"
version = "1.3.1"
source = "registry+https://github.com/rust-lang/crates.io-index"
checksum = "7f4c021e1093a56626774e81216a4ce732a735e5bad4868a03f3ed65ca0c3919"
dependencies = [
 "once_cell",
 "toml_edit",
]

[[package]]
name = "proc-macro2"
version = "1.0.69"
source = "registry+https://github.com/rust-lang/crates.io-index"
checksum = "134c189feb4956b20f6f547d2cf727d4c0fe06722b20a0eec87ed445a97f92da"
dependencies = [
 "unicode-ident",
]

[[package]]
name = "quote"
version = "1.0.33"
source = "registry+https://github.com/rust-lang/crates.io-index"
checksum = "5267fca4496028628a95160fc423a33e8b2e6af8a5302579e322e4b520293cae"
dependencies = [
 "proc-macro2",
]

[[package]]
name = "radium"
version = "0.7.0"
source = "registry+https://github.com/rust-lang/crates.io-index"
checksum = "dc33ff2d4973d518d823d61aa239014831e521c75da58e3df4840d3f47749d09"

[[package]]
name = "redox_syscall"
version = "0.3.5"
source = "registry+https://github.com/rust-lang/crates.io-index"
checksum = "567664f262709473930a4bf9e51bf2ebf3348f2e748ccc50dea20646858f8f29"
dependencies = [
 "bitflags 1.3.2",
]

[[package]]
name = "redox_syscall"
version = "0.4.1"
source = "registry+https://github.com/rust-lang/crates.io-index"
checksum = "4722d768eff46b75989dd134e5c353f0d6296e5aaa3132e776cbdb56be7731aa"
dependencies = [
 "bitflags 1.3.2",
]

[[package]]
name = "redox_users"
version = "0.4.4"
source = "registry+https://github.com/rust-lang/crates.io-index"
checksum = "a18479200779601e498ada4e8c1e1f50e3ee19deb0259c25825a98b5603b2cb4"
dependencies = [
 "getrandom",
 "libredox",
 "thiserror",
]

[[package]]
name = "regex-automata"
version = "0.4.3"
source = "registry+https://github.com/rust-lang/crates.io-index"
checksum = "5f804c7828047e88b2d32e2d7fe5a105da8ee3264f01902f796c8e067dc2483f"

[[package]]
name = "ring"
version = "0.17.5"
source = "registry+https://github.com/rust-lang/crates.io-index"
checksum = "fb0205304757e5d899b9c2e448b867ffd03ae7f988002e47cd24954391394d0b"
dependencies = [
 "cc",
 "getrandom",
 "libc",
 "spin",
 "untrusted",
 "windows-sys",
]

[[package]]
name = "rustix"
version = "0.38.21"
source = "registry+https://github.com/rust-lang/crates.io-index"
checksum = "2b426b0506e5d50a7d8dafcf2e81471400deb602392c7dd110815afb4eaf02a3"
dependencies = [
 "bitflags 2.4.1",
 "errno",
 "libc",
 "linux-raw-sys",
 "windows-sys",
]

[[package]]
name = "rustls"
version = "0.21.8"
source = "registry+https://github.com/rust-lang/crates.io-index"
checksum = "446e14c5cda4f3f30fe71863c34ec70f5ac79d6087097ad0bb433e1be5edf04c"
dependencies = [
 "log",
 "ring",
 "rustls-webpki",
 "sct",
]

[[package]]
name = "rustls-native-certs"
version = "0.6.3"
source = "registry+https://github.com/rust-lang/crates.io-index"
checksum = "a9aace74cb666635c918e9c12bc0d348266037aa8eb599b5cba565709a8dff00"
dependencies = [
 "openssl-probe",
 "rustls-pemfile",
 "schannel",
 "security-framework",
]

[[package]]
name = "rustls-pemfile"
version = "1.0.3"
source = "registry+https://github.com/rust-lang/crates.io-index"
checksum = "2d3987094b1d07b653b7dfdc3f70ce9a1da9c51ac18c1b06b662e4f9a0e9f4b2"
dependencies = [
 "base64",
]

[[package]]
name = "rustls-webpki"
version = "0.101.7"
source = "registry+https://github.com/rust-lang/crates.io-index"
checksum = "8b6275d1ee7a1cd780b64aca7726599a1dbc893b1e64144529e55c3c2f745765"
dependencies = [
 "ring",
 "untrusted",
]

[[package]]
name = "schannel"
version = "0.1.22"
source = "registry+https://github.com/rust-lang/crates.io-index"
checksum = "0c3733bf4cf7ea0880754e19cb5a462007c4a8c1914bff372ccc95b464f1df88"
dependencies = [
 "windows-sys",
]

[[package]]
name = "sct"
version = "0.7.1"
source = "registry+https://github.com/rust-lang/crates.io-index"
checksum = "da046153aa2352493d6cb7da4b6e5c0c057d8a1d0a9aa8560baffdd945acd414"
dependencies = [
 "ring",
 "untrusted",
]

[[package]]
name = "security-framework"
version = "2.9.2"
source = "registry+https://github.com/rust-lang/crates.io-index"
checksum = "05b64fb303737d99b81884b2c63433e9ae28abebe5eb5045dcdd175dc2ecf4de"
dependencies = [
 "bitflags 1.3.2",
 "core-foundation",
 "core-foundation-sys",
 "libc",
 "security-framework-sys",
]

[[package]]
name = "security-framework-sys"
version = "2.9.1"
source = "registry+https://github.com/rust-lang/crates.io-index"
checksum = "e932934257d3b408ed8f30db49d85ea163bfe74961f017f405b025af298f0c7a"
dependencies = [
 "core-foundation-sys",
 "libc",
]

[[package]]
name = "serde"
version = "1.0.190"
source = "registry+https://github.com/rust-lang/crates.io-index"
checksum = "91d3c334ca1ee894a2c6f6ad698fe8c435b76d504b13d436f0685d648d6d96f7"
dependencies = [
 "serde_derive",
]

[[package]]
name = "serde_derive"
version = "1.0.190"
source = "registry+https://github.com/rust-lang/crates.io-index"
checksum = "67c5609f394e5c2bd7fc51efda478004ea80ef42fee983d5c67a65e34f32c0e3"
dependencies = [
 "proc-macro2",
 "quote",
 "syn 2.0.39",
]

[[package]]
name = "smawk"
version = "0.3.2"
source = "registry+https://github.com/rust-lang/crates.io-index"
checksum = "b7c388c1b5e93756d0c740965c41e8822f866621d41acbdf6336a6a168f8840c"

[[package]]
name = "spin"
version = "0.9.8"
source = "registry+https://github.com/rust-lang/crates.io-index"
checksum = "6980e8d7511241f8acf4aebddbb1ff938df5eebe98691418c4468d0b72a96a67"

[[package]]
name = "strsim"
version = "0.10.0"
source = "registry+https://github.com/rust-lang/crates.io-index"
checksum = "73473c0e59e6d5812c5dfe2a064a6444949f089e20eec9a2e5506596494e4623"

[[package]]
name = "syn"
version = "1.0.109"
source = "registry+https://github.com/rust-lang/crates.io-index"
checksum = "72b64191b275b66ffe2469e8af2c1cfe3bafa67b529ead792a6d0160888b4237"
dependencies = [
 "proc-macro2",
 "quote",
 "unicode-ident",
]

[[package]]
name = "syn"
version = "2.0.39"
source = "registry+https://github.com/rust-lang/crates.io-index"
checksum = "23e78b90f2fcf45d3e842032ce32e3f2d1545ba6636271dcbf24fa306d87be7a"
dependencies = [
 "proc-macro2",
 "quote",
 "unicode-ident",
]

[[package]]
name = "tap"
version = "1.0.1"
source = "registry+https://github.com/rust-lang/crates.io-index"
checksum = "55937e1799185b12863d447f42597ed69d9928686b8d88a1df17376a097d8369"

[[package]]
name = "tar"
version = "0.4.40"
source = "registry+https://github.com/rust-lang/crates.io-index"
checksum = "b16afcea1f22891c49a00c751c7b63b2233284064f11a200fc624137c51e2ddb"
dependencies = [
 "filetime",
 "libc",
 "xattr",
]

[[package]]
name = "terminal_size"
version = "0.3.0"
source = "registry+https://github.com/rust-lang/crates.io-index"
checksum = "21bebf2b7c9e0a515f6e0f8c51dc0f8e4696391e6f1ff30379559f8365fb0df7"
dependencies = [
 "rustix",
 "windows-sys",
]

[[package]]
name = "textwrap"
version = "0.16.0"
source = "registry+https://github.com/rust-lang/crates.io-index"
checksum = "222a222a5bfe1bba4a77b45ec488a741b3cb8872e5e499451fd7d0129c9c7c3d"
dependencies = [
 "hyphenation",
 "smawk",
 "unicode-linebreak",
 "unicode-width",
]

[[package]]
name = "thiserror"
version = "1.0.50"
source = "registry+https://github.com/rust-lang/crates.io-index"
checksum = "f9a7210f5c9a7156bb50aa36aed4c95afb51df0df00713949448cf9e97d382d2"
dependencies = [
 "thiserror-impl",
]

[[package]]
name = "thiserror-impl"
version = "1.0.50"
source = "registry+https://github.com/rust-lang/crates.io-index"
checksum = "266b2e40bc00e5a6c09c3584011e08b06f123c00362c92b975ba9843aaaa14b8"
dependencies = [
 "proc-macro2",
 "quote",
 "syn 2.0.39",
]

[[package]]
name = "tinyvec"
version = "1.6.0"
source = "registry+https://github.com/rust-lang/crates.io-index"
checksum = "87cc5ceb3875bb20c2890005a4e226a4651264a5c75edb2421b52861a0a0cb50"
dependencies = [
 "tinyvec_macros",
]

[[package]]
name = "tinyvec_macros"
version = "0.1.1"
source = "registry+https://github.com/rust-lang/crates.io-index"
checksum = "1f3ccbac311fea05f86f61904b462b55fb3df8837a366dfc601a0161d0532f20"

[[package]]
name = "toml_datetime"
version = "0.6.5"
source = "registry+https://github.com/rust-lang/crates.io-index"
checksum = "3550f4e9685620ac18a50ed434eb3aec30db8ba93b0287467bca5826ea25baf1"

[[package]]
name = "toml_edit"
version = "0.19.15"
source = "registry+https://github.com/rust-lang/crates.io-index"
checksum = "1b5bb770da30e5cbfde35a2d7b9b8a2c4b8ef89548a7a6aeab5c9a576e3e7421"
dependencies = [
 "indexmap",
 "toml_datetime",
 "winnow",
]

[[package]]
name = "unicode-bidi"
version = "0.3.13"
source = "registry+https://github.com/rust-lang/crates.io-index"
checksum = "92888ba5573ff080736b3648696b70cafad7d250551175acbaa4e0385b3e1460"

[[package]]
name = "unicode-ident"
version = "1.0.12"
source = "registry+https://github.com/rust-lang/crates.io-index"
checksum = "3354b9ac3fae1ff6755cb6db53683adb661634f67557942dea4facebec0fee4b"

[[package]]
name = "unicode-linebreak"
version = "0.1.5"
source = "registry+https://github.com/rust-lang/crates.io-index"
checksum = "3b09c83c3c29d37506a3e260c08c03743a6bb66a9cd432c6934ab501a190571f"

[[package]]
name = "unicode-normalization"
version = "0.1.22"
source = "registry+https://github.com/rust-lang/crates.io-index"
checksum = "5c5713f0fc4b5db668a2ac63cdb7bb4469d8c9fed047b1d0292cc7b0ce2ba921"
dependencies = [
 "tinyvec",
]

[[package]]
name = "unicode-segmentation"
version = "1.10.1"
source = "registry+https://github.com/rust-lang/crates.io-index"
checksum = "1dd624098567895118886609431a7c3b8f516e41d30e0643f03d94592a147e36"

[[package]]
name = "unicode-width"
version = "0.1.11"
source = "registry+https://github.com/rust-lang/crates.io-index"
checksum = "e51733f11c9c4f72aa0c160008246859e340b00807569a0da0e7a1079b27ba85"

[[package]]
name = "untrusted"
version = "0.9.0"
source = "registry+https://github.com/rust-lang/crates.io-index"
checksum = "8ecb6da28b8a351d773b68d5825ac39017e680750f980f3a1a85cd8dd28a47c1"

[[package]]
name = "ureq"
version = "2.8.0"
source = "registry+https://github.com/rust-lang/crates.io-index"
checksum = "f5ccd538d4a604753ebc2f17cd9946e89b77bf87f6a8e2309667c6f2e87855e3"
dependencies = [
 "base64",
 "log",
 "once_cell",
 "rustls",
 "rustls-native-certs",
 "rustls-webpki",
 "url",
 "webpki-roots",
]

[[package]]
name = "url"
version = "2.4.1"
source = "registry+https://github.com/rust-lang/crates.io-index"
checksum = "143b538f18257fac9cad154828a57c6bf5157e1aa604d4816b5995bf6de87ae5"
dependencies = [
 "form_urlencoded",
 "idna",
 "percent-encoding",
]

[[package]]
name = "utf8parse"
version = "0.2.1"
source = "registry+https://github.com/rust-lang/crates.io-index"
checksum = "711b9620af191e0cdc7468a8d14e709c3dcdb115b36f838e601583af800a370a"

[[package]]
name = "wasi"
version = "0.11.0+wasi-snapshot-preview1"
source = "registry+https://github.com/rust-lang/crates.io-index"
checksum = "9c8d87e72b64a3b4db28d11ce29237c246188f4f51057d65a7eab63b7987e423"

[[package]]
name = "webpki-roots"
version = "0.25.2"
source = "registry+https://github.com/rust-lang/crates.io-index"
checksum = "14247bb57be4f377dfb94c72830b8ce8fc6beac03cf4bf7b9732eadd414123fc"

[[package]]
name = "windows-sys"
version = "0.48.0"
source = "registry+https://github.com/rust-lang/crates.io-index"
checksum = "677d2418bec65e3338edb076e806bc1ec15693c5d0104683f2efe857f61056a9"
dependencies = [
 "windows-targets",
]

[[package]]
name = "windows-targets"
version = "0.48.5"
source = "registry+https://github.com/rust-lang/crates.io-index"
checksum = "9a2fa6e2155d7247be68c096456083145c183cbbbc2764150dda45a87197940c"
dependencies = [
 "windows_aarch64_gnullvm",
 "windows_aarch64_msvc",
 "windows_i686_gnu",
 "windows_i686_msvc",
 "windows_x86_64_gnu",
 "windows_x86_64_gnullvm",
 "windows_x86_64_msvc",
]

[[package]]
name = "windows_aarch64_gnullvm"
version = "0.48.5"
source = "registry+https://github.com/rust-lang/crates.io-index"
checksum = "2b38e32f0abccf9987a4e3079dfb67dcd799fb61361e53e2882c3cbaf0d905d8"

[[package]]
name = "windows_aarch64_msvc"
version = "0.48.5"
source = "registry+https://github.com/rust-lang/crates.io-index"
checksum = "dc35310971f3b2dbbf3f0690a219f40e2d9afcf64f9ab7cc1be722937c26b4bc"

[[package]]
name = "windows_i686_gnu"
version = "0.48.5"
source = "registry+https://github.com/rust-lang/crates.io-index"
checksum = "a75915e7def60c94dcef72200b9a8e58e5091744960da64ec734a6c6e9b3743e"

[[package]]
name = "windows_i686_msvc"
version = "0.48.5"
source = "registry+https://github.com/rust-lang/crates.io-index"
checksum = "8f55c233f70c4b27f66c523580f78f1004e8b5a8b659e05a4eb49d4166cca406"

[[package]]
name = "windows_x86_64_gnu"
version = "0.48.5"
source = "registry+https://github.com/rust-lang/crates.io-index"
checksum = "53d40abd2583d23e4718fddf1ebec84dbff8381c07cae67ff7768bbf19c6718e"

[[package]]
name = "windows_x86_64_gnullvm"
version = "0.48.5"
source = "registry+https://github.com/rust-lang/crates.io-index"
checksum = "0b7b52767868a23d5bab768e390dc5f5c55825b6d30b86c844ff2dc7414044cc"

[[package]]
name = "windows_x86_64_msvc"
version = "0.48.5"
source = "registry+https://github.com/rust-lang/crates.io-index"
checksum = "ed94fce61571a4006852b7389a063ab983c02eb1bb37b47f8272ce92d06d9538"

[[package]]
name = "winnow"
version = "0.5.19"
source = "registry+https://github.com/rust-lang/crates.io-index"
checksum = "829846f3e3db426d4cee4510841b71a8e58aa2a76b1132579487ae430ccd9c7b"
dependencies = [
 "memchr",
]

[[package]]
name = "wyz"
version = "0.5.1"
source = "registry+https://github.com/rust-lang/crates.io-index"
checksum = "05f360fc0b24296329c78fda852a1e9ae82de9cf7b27dae4b7f62f118f77b9ed"
dependencies = [
 "tap",
]

[[package]]
name = "xattr"
version = "1.0.1"
source = "registry+https://github.com/rust-lang/crates.io-index"
checksum = "f4686009f71ff3e5c4dbcf1a282d0a44db3f021ba69350cd42086b3e5f1c6985"
dependencies = [
 "libc",
]
